// !$*UTF8*$!
{
	archiveVersion = 1;
	classes = {
	};
	objectVersion = 51;
	objects = {

/* Begin PBXBuildFile section */
		3E372FCE26BCA3F0004167AA /* RAWG-Info.plist in Resources */ = {isa = PBXBuildFile; fileRef = 3E372FCD26BCA3F0004167AA /* RAWG-Info.plist */; };
		3E372FD026BCA6E1004167AA /* String+Extension.swift in Sources */ = {isa = PBXBuildFile; fileRef = 3E372FCF26BCA6E1004167AA /* String+Extension.swift */; };
		3E372FD226BCA6FF004167AA /* Date+Extension.swift in Sources */ = {isa = PBXBuildFile; fileRef = 3E372FD126BCA6FF004167AA /* Date+Extension.swift */; };
		3E45BD8326BB6BC30054036B /* DetailGame.swift in Sources */ = {isa = PBXBuildFile; fileRef = 3E45BD8226BB6BC30054036B /* DetailGame.swift */; };
		3E45BD8D26BBF9E30054036B /* DetailGameViewController.swift in Sources */ = {isa = PBXBuildFile; fileRef = 3E45BD8B26BBF9E30054036B /* DetailGameViewController.swift */; };
		3E45BD8E26BBF9E30054036B /* DetailGameViewController.xib in Resources */ = {isa = PBXBuildFile; fileRef = 3E45BD8C26BBF9E30054036B /* DetailGameViewController.xib */; };
		3E45BD9326BC07270054036B /* Util.swift in Sources */ = {isa = PBXBuildFile; fileRef = 3E45BD9226BC07270054036B /* Util.swift */; };
		3E45BD9526BC0BE20054036B /* ProfileViewController.swift in Sources */ = {isa = PBXBuildFile; fileRef = 3E45BD9426BC0BE20054036B /* ProfileViewController.swift */; };
		3E65AF7826C2373C00CA67C4 /* SearchViewController.swift in Sources */ = {isa = PBXBuildFile; fileRef = 3E65AF7726C2373C00CA67C4 /* SearchViewController.swift */; };
		3EC9AEC526BAC29D007B36FB /* .swiftlint.yml in Resources */ = {isa = PBXBuildFile; fileRef = 3EC9AEC426BAC29D007B36FB /* .swiftlint.yml */; };
		3EC9AEC826BAD19D007B36FB /* HomeViewController.swift in Sources */ = {isa = PBXBuildFile; fileRef = 3EC9AEC726BAD19D007B36FB /* HomeViewController.swift */; };
		3EC9AECB26BAD484007B36FB /* Game.swift in Sources */ = {isa = PBXBuildFile; fileRef = 3EC9AECA26BAD484007B36FB /* Game.swift */; };
		3EC9AECE26BAD796007B36FB /* Constant.swift in Sources */ = {isa = PBXBuildFile; fileRef = 3EC9AECD26BAD796007B36FB /* Constant.swift */; };
		3EC9AED026BAD81C007B36FB /* ApiManager.swift in Sources */ = {isa = PBXBuildFile; fileRef = 3EC9AECF26BAD81C007B36FB /* ApiManager.swift */; };
		3EC9AED326BAD987007B36FB /* HomeTableViewCell.swift in Sources */ = {isa = PBXBuildFile; fileRef = 3EC9AED126BAD987007B36FB /* HomeTableViewCell.swift */; };
		3EC9AED426BAD987007B36FB /* HomeTableViewCell.xib in Resources */ = {isa = PBXBuildFile; fileRef = 3EC9AED226BAD987007B36FB /* HomeTableViewCell.xib */; };
		3EF5412526BABCA000080D3C /* AppDelegate.swift in Sources */ = {isa = PBXBuildFile; fileRef = 3EF5412426BABCA000080D3C /* AppDelegate.swift */; };
		3EF5412726BABCA000080D3C /* SceneDelegate.swift in Sources */ = {isa = PBXBuildFile; fileRef = 3EF5412626BABCA000080D3C /* SceneDelegate.swift */; };
		3EF5412C26BABCA000080D3C /* Main.storyboard in Resources */ = {isa = PBXBuildFile; fileRef = 3EF5412A26BABCA000080D3C /* Main.storyboard */; };
		3EF5412E26BABCA300080D3C /* Assets.xcassets in Resources */ = {isa = PBXBuildFile; fileRef = 3EF5412D26BABCA300080D3C /* Assets.xcassets */; };
		3EF5413126BABCA300080D3C /* LaunchScreen.storyboard in Resources */ = {isa = PBXBuildFile; fileRef = 3EF5412F26BABCA300080D3C /* LaunchScreen.storyboard */; };
		7C1106F75162DA460281EDA4 /* Pods_GameApp.framework in Frameworks */ = {isa = PBXBuildFile; fileRef = 0F32FC31F298019EA6DA0E99 /* Pods_GameApp.framework */; };
/* End PBXBuildFile section */

/* Begin PBXFileReference section */
		0F32FC31F298019EA6DA0E99 /* Pods_GameApp.framework */ = {isa = PBXFileReference; explicitFileType = wrapper.framework; includeInIndex = 0; path = Pods_GameApp.framework; sourceTree = BUILT_PRODUCTS_DIR; };
		3E372FCD26BCA3F0004167AA /* RAWG-Info.plist */ = {isa = PBXFileReference; lastKnownFileType = text.plist.xml; path = "RAWG-Info.plist"; sourceTree = "<group>"; };
		3E372FCF26BCA6E1004167AA /* String+Extension.swift */ = {isa = PBXFileReference; lastKnownFileType = sourcecode.swift; path = "String+Extension.swift"; sourceTree = "<group>"; };
		3E372FD126BCA6FF004167AA /* Date+Extension.swift */ = {isa = PBXFileReference; lastKnownFileType = sourcecode.swift; path = "Date+Extension.swift"; sourceTree = "<group>"; };
		3E45BD8226BB6BC30054036B /* DetailGame.swift */ = {isa = PBXFileReference; lastKnownFileType = sourcecode.swift; path = DetailGame.swift; sourceTree = "<group>"; };
		3E45BD8B26BBF9E30054036B /* DetailGameViewController.swift */ = {isa = PBXFileReference; lastKnownFileType = sourcecode.swift; path = DetailGameViewController.swift; sourceTree = "<group>"; };
		3E45BD8C26BBF9E30054036B /* DetailGameViewController.xib */ = {isa = PBXFileReference; lastKnownFileType = file.xib; path = DetailGameViewController.xib; sourceTree = "<group>"; };
		3E45BD9226BC07270054036B /* Util.swift */ = {isa = PBXFileReference; lastKnownFileType = sourcecode.swift; path = Util.swift; sourceTree = "<group>"; };
		3E45BD9426BC0BE20054036B /* ProfileViewController.swift */ = {isa = PBXFileReference; lastKnownFileType = sourcecode.swift; path = ProfileViewController.swift; sourceTree = "<group>"; };
		3E65AF7726C2373C00CA67C4 /* SearchViewController.swift */ = {isa = PBXFileReference; lastKnownFileType = sourcecode.swift; path = SearchViewController.swift; sourceTree = "<group>"; };
		3EC9AEC426BAC29D007B36FB /* .swiftlint.yml */ = {isa = PBXFileReference; lastKnownFileType = text.yaml; path = .swiftlint.yml; sourceTree = "<group>"; };
		3EC9AEC726BAD19D007B36FB /* HomeViewController.swift */ = {isa = PBXFileReference; lastKnownFileType = sourcecode.swift; path = HomeViewController.swift; sourceTree = "<group>"; };
		3EC9AECA26BAD484007B36FB /* Game.swift */ = {isa = PBXFileReference; lastKnownFileType = sourcecode.swift; path = Game.swift; sourceTree = "<group>"; };
		3EC9AECD26BAD796007B36FB /* Constant.swift */ = {isa = PBXFileReference; lastKnownFileType = sourcecode.swift; path = Constant.swift; sourceTree = "<group>"; };
		3EC9AECF26BAD81C007B36FB /* ApiManager.swift */ = {isa = PBXFileReference; lastKnownFileType = sourcecode.swift; path = ApiManager.swift; sourceTree = "<group>"; };
		3EC9AED126BAD987007B36FB /* HomeTableViewCell.swift */ = {isa = PBXFileReference; lastKnownFileType = sourcecode.swift; path = HomeTableViewCell.swift; sourceTree = "<group>"; };
		3EC9AED226BAD987007B36FB /* HomeTableViewCell.xib */ = {isa = PBXFileReference; lastKnownFileType = file.xib; path = HomeTableViewCell.xib; sourceTree = "<group>"; };
		3EF5412126BABCA000080D3C /* GameApp.app */ = {isa = PBXFileReference; explicitFileType = wrapper.application; includeInIndex = 0; path = GameApp.app; sourceTree = BUILT_PRODUCTS_DIR; };
		3EF5412426BABCA000080D3C /* AppDelegate.swift */ = {isa = PBXFileReference; lastKnownFileType = sourcecode.swift; path = AppDelegate.swift; sourceTree = "<group>"; };
		3EF5412626BABCA000080D3C /* SceneDelegate.swift */ = {isa = PBXFileReference; lastKnownFileType = sourcecode.swift; path = SceneDelegate.swift; sourceTree = "<group>"; };
		3EF5412B26BABCA000080D3C /* Base */ = {isa = PBXFileReference; lastKnownFileType = file.storyboard; name = Base; path = Base.lproj/Main.storyboard; sourceTree = "<group>"; };
		3EF5412D26BABCA300080D3C /* Assets.xcassets */ = {isa = PBXFileReference; lastKnownFileType = folder.assetcatalog; path = Assets.xcassets; sourceTree = "<group>"; };
		3EF5413026BABCA300080D3C /* Base */ = {isa = PBXFileReference; lastKnownFileType = file.storyboard; name = Base; path = Base.lproj/LaunchScreen.storyboard; sourceTree = "<group>"; };
		3EF5413226BABCA300080D3C /* Info.plist */ = {isa = PBXFileReference; lastKnownFileType = text.plist.xml; path = Info.plist; sourceTree = "<group>"; };
		98B75A15455531DE19D3AADB /* Pods-GameApp.debug.xcconfig */ = {isa = PBXFileReference; includeInIndex = 1; lastKnownFileType = text.xcconfig; name = "Pods-GameApp.debug.xcconfig"; path = "Target Support Files/Pods-GameApp/Pods-GameApp.debug.xcconfig"; sourceTree = "<group>"; };
		E7F323ADE573851198495369 /* Pods-GameApp.release.xcconfig */ = {isa = PBXFileReference; includeInIndex = 1; lastKnownFileType = text.xcconfig; name = "Pods-GameApp.release.xcconfig"; path = "Target Support Files/Pods-GameApp/Pods-GameApp.release.xcconfig"; sourceTree = "<group>"; };
/* End PBXFileReference section */

/* Begin PBXFrameworksBuildPhase section */
		3EF5411E26BABCA000080D3C /* Frameworks */ = {
			isa = PBXFrameworksBuildPhase;
			buildActionMask = 2147483647;
			files = (
				7C1106F75162DA460281EDA4 /* Pods_GameApp.framework in Frameworks */,
			);
			runOnlyForDeploymentPostprocessing = 0;
		};
/* End PBXFrameworksBuildPhase section */

/* Begin PBXGroup section */
		3E16C34A26C26257001AFB36 /* Extensions */ = {
			isa = PBXGroup;
			children = (
				3E372FCF26BCA6E1004167AA /* String+Extension.swift */,
				3E372FD126BCA6FF004167AA /* Date+Extension.swift */,
			);
			path = Extensions;
			sourceTree = "<group>";
		};
		3E45BD8426BB6E260054036B /* Detail */ = {
			isa = PBXGroup;
			children = (
				3E45BD8B26BBF9E30054036B /* DetailGameViewController.swift */,
				3E45BD8C26BBF9E30054036B /* DetailGameViewController.xib */,
			);
			path = Detail;
			sourceTree = "<group>";
		};
		3E45BD8F26BC06ED0054036B /* Utils */ = {
			isa = PBXGroup;
			children = (
				3E45BD9226BC07270054036B /* Util.swift */,
			);
			path = Utils;
			sourceTree = "<group>";
		};
		3E65AF7626C2372800CA67C4 /* Search */ = {
			isa = PBXGroup;
			children = (
				3E65AF7726C2373C00CA67C4 /* SearchViewController.swift */,
			);
			path = Search;
			sourceTree = "<group>";
		};
		3EC9AEC626BAC3BA007B36FB /* Home */ = {
			isa = PBXGroup;
			children = (
				3EC9AEC726BAD19D007B36FB /* HomeViewController.swift */,
				3EC9AED126BAD987007B36FB /* HomeTableViewCell.swift */,
				3EC9AED226BAD987007B36FB /* HomeTableViewCell.xib */,
				3E45BD9426BC0BE20054036B /* ProfileViewController.swift */,
			);
			path = Home;
			sourceTree = "<group>";
		};
		3EC9AEC926BAD470007B36FB /* Models */ = {
			isa = PBXGroup;
			children = (
				3EC9AECA26BAD484007B36FB /* Game.swift */,
				3E45BD8226BB6BC30054036B /* DetailGame.swift */,
			);
			path = Models;
			sourceTree = "<group>";
		};
		3EC9AECC26BAD780007B36FB /* ApiManager */ = {
			isa = PBXGroup;
			children = (
				3EC9AECD26BAD796007B36FB /* Constant.swift */,
				3EC9AECF26BAD81C007B36FB /* ApiManager.swift */,
			);
			path = ApiManager;
			sourceTree = "<group>";
		};
		3EF5411826BABCA000080D3C = {
			isa = PBXGroup;
			children = (
				3EC9AEC426BAC29D007B36FB /* .swiftlint.yml */,
				3EF5412326BABCA000080D3C /* GameApp */,
				3EF5412226BABCA000080D3C /* Products */,
				D6E1EE6C0F24F751DDE98ADF /* Pods */,
				65A966D928EF534263E5F6E4 /* Frameworks */,
			);
			sourceTree = "<group>";
		};
		3EF5412226BABCA000080D3C /* Products */ = {
			isa = PBXGroup;
			children = (
				3EF5412126BABCA000080D3C /* GameApp.app */,
			);
			name = Products;
			sourceTree = "<group>";
		};
		3EF5412326BABCA000080D3C /* GameApp */ = {
			isa = PBXGroup;
			children = (
				3E16C34A26C26257001AFB36 /* Extensions */,
				3E65AF7626C2372800CA67C4 /* Search */,
				3E45BD8F26BC06ED0054036B /* Utils */,
				3E45BD8426BB6E260054036B /* Detail */,
				3EC9AECC26BAD780007B36FB /* ApiManager */,
				3EC9AEC926BAD470007B36FB /* Models */,
				3EC9AEC626BAC3BA007B36FB /* Home */,
				3EF5413826BABCE500080D3C /* SupportingFiles */,
				3EF5412A26BABCA000080D3C /* Main.storyboard */,
				3E372FCD26BCA3F0004167AA /* RAWG-Info.plist */,
			);
			path = GameApp;
			sourceTree = "<group>";
		};
		3EF5413826BABCE500080D3C /* SupportingFiles */ = {
			isa = PBXGroup;
			children = (
				3EF5412426BABCA000080D3C /* AppDelegate.swift */,
				3EF5412626BABCA000080D3C /* SceneDelegate.swift */,
				3EF5412D26BABCA300080D3C /* Assets.xcassets */,
				3EF5412F26BABCA300080D3C /* LaunchScreen.storyboard */,
				3EF5413226BABCA300080D3C /* Info.plist */,
			);
			path = SupportingFiles;
			sourceTree = "<group>";
		};
		65A966D928EF534263E5F6E4 /* Frameworks */ = {
			isa = PBXGroup;
			children = (
				0F32FC31F298019EA6DA0E99 /* Pods_GameApp.framework */,
			);
			name = Frameworks;
			sourceTree = "<group>";
		};
		D6E1EE6C0F24F751DDE98ADF /* Pods */ = {
			isa = PBXGroup;
			children = (
				98B75A15455531DE19D3AADB /* Pods-GameApp.debug.xcconfig */,
				E7F323ADE573851198495369 /* Pods-GameApp.release.xcconfig */,
			);
			path = Pods;
			sourceTree = "<group>";
		};
/* End PBXGroup section */

/* Begin PBXNativeTarget section */
		3EF5412026BABCA000080D3C /* GameApp */ = {
			isa = PBXNativeTarget;
			buildConfigurationList = 3EF5413526BABCA300080D3C /* Build configuration list for PBXNativeTarget "GameApp" */;
			buildPhases = (
				1959B391208CAEB85AC7D428 /* [CP] Check Pods Manifest.lock */,
				3EF5411D26BABCA000080D3C /* Sources */,
				3EF5411E26BABCA000080D3C /* Frameworks */,
				3EF5411F26BABCA000080D3C /* Resources */,
				B6187C31D5C056DB029527E8 /* [CP] Embed Pods Frameworks */,
				3EF5413926BABF1100080D3C /* ShellScript */,
				3EC9AEC326BAC262007B36FB /* ShellScript */,
			);
			buildRules = (
			);
			dependencies = (
			);
			name = GameApp;
			productName = GameApp;
			productReference = 3EF5412126BABCA000080D3C /* GameApp.app */;
			productType = "com.apple.product-type.application";
		};
/* End PBXNativeTarget section */

/* Begin PBXProject section */
		3EF5411926BABCA000080D3C /* Project object */ = {
			isa = PBXProject;
			attributes = {
				LastSwiftUpdateCheck = 1250;
				LastUpgradeCheck = 1250;
				TargetAttributes = {
					3EF5412026BABCA000080D3C = {
						CreatedOnToolsVersion = 12.5;
					};
				};
			};
			buildConfigurationList = 3EF5411C26BABCA000080D3C /* Build configuration list for PBXProject "GameApp" */;
			compatibilityVersion = "Xcode 9.3";
			developmentRegion = en;
			hasScannedForEncodings = 0;
			knownRegions = (
				en,
				Base,
			);
			mainGroup = 3EF5411826BABCA000080D3C;
			productRefGroup = 3EF5412226BABCA000080D3C /* Products */;
			projectDirPath = "";
			projectRoot = "";
			targets = (
				3EF5412026BABCA000080D3C /* GameApp */,
			);
		};
/* End PBXProject section */

/* Begin PBXResourcesBuildPhase section */
		3EF5411F26BABCA000080D3C /* Resources */ = {
			isa = PBXResourcesBuildPhase;
			buildActionMask = 2147483647;
			files = (
				3EC9AEC526BAC29D007B36FB /* .swiftlint.yml in Resources */,
				3EF5413126BABCA300080D3C /* LaunchScreen.storyboard in Resources */,
				3EF5412E26BABCA300080D3C /* Assets.xcassets in Resources */,
				3E372FCE26BCA3F0004167AA /* RAWG-Info.plist in Resources */,
				3EC9AED426BAD987007B36FB /* HomeTableViewCell.xib in Resources */,
				3EF5412C26BABCA000080D3C /* Main.storyboard in Resources */,
				3E45BD8E26BBF9E30054036B /* DetailGameViewController.xib in Resources */,
			);
			runOnlyForDeploymentPostprocessing = 0;
		};
/* End PBXResourcesBuildPhase section */

/* Begin PBXShellScriptBuildPhase section */
		1959B391208CAEB85AC7D428 /* [CP] Check Pods Manifest.lock */ = {
			isa = PBXShellScriptBuildPhase;
			buildActionMask = 2147483647;
			files = (
			);
			inputFileListPaths = (
			);
			inputPaths = (
				"${PODS_PODFILE_DIR_PATH}/Podfile.lock",
				"${PODS_ROOT}/Manifest.lock",
			);
			name = "[CP] Check Pods Manifest.lock";
			outputFileListPaths = (
			);
			outputPaths = (
				"$(DERIVED_FILE_DIR)/Pods-GameApp-checkManifestLockResult.txt",
			);
			runOnlyForDeploymentPostprocessing = 0;
			shellPath = /bin/sh;
			shellScript = "diff \"${PODS_PODFILE_DIR_PATH}/Podfile.lock\" \"${PODS_ROOT}/Manifest.lock\" > /dev/null\nif [ $? != 0 ] ; then\n    # print error to STDERR\n    echo \"error: The sandbox is not in sync with the Podfile.lock. Run 'pod install' or update your CocoaPods installation.\" >&2\n    exit 1\nfi\n# This output is used by Xcode 'outputs' to avoid re-running this script phase.\necho \"SUCCESS\" > \"${SCRIPT_OUTPUT_FILE_0}\"\n";
			showEnvVarsInLog = 0;
		};
		3EC9AEC326BAC262007B36FB /* ShellScript */ = {
			isa = PBXShellScriptBuildPhase;
			buildActionMask = 2147483647;
			files = (
			);
			inputFileListPaths = (
			);
			inputPaths = (
			);
			outputFileListPaths = (
			);
			outputPaths = (
			);
			runOnlyForDeploymentPostprocessing = 0;
			shellPath = /bin/sh;
			shellScript = "# Type a script or drag a script file from your workspace to insert its path.\n";
		};
		3EF5413926BABF1100080D3C /* ShellScript */ = {
			isa = PBXShellScriptBuildPhase;
			buildActionMask = 2147483647;
			files = (
			);
			inputFileListPaths = (
			);
			inputPaths = (
			);
			outputFileListPaths = (
			);
			outputPaths = (
			);
			runOnlyForDeploymentPostprocessing = 0;
			shellPath = /bin/sh;
			shellScript = "if which swiftlint >/dev/null; then \n    swiftlint \nelse \n    echo \"warning: SwiftLint not installed, download from https://github.com/realm/SwiftLint\" \nfi\n";
		};
		B6187C31D5C056DB029527E8 /* [CP] Embed Pods Frameworks */ = {
			isa = PBXShellScriptBuildPhase;
			buildActionMask = 2147483647;
			files = (
			);
			inputFileListPaths = (
				"${PODS_ROOT}/Target Support Files/Pods-GameApp/Pods-GameApp-frameworks-${CONFIGURATION}-input-files.xcfilelist",
			);
			name = "[CP] Embed Pods Frameworks";
			outputFileListPaths = (
				"${PODS_ROOT}/Target Support Files/Pods-GameApp/Pods-GameApp-frameworks-${CONFIGURATION}-output-files.xcfilelist",
			);
			runOnlyForDeploymentPostprocessing = 0;
			shellPath = /bin/sh;
			shellScript = "\"${PODS_ROOT}/Target Support Files/Pods-GameApp/Pods-GameApp-frameworks.sh\"\n";
			showEnvVarsInLog = 0;
		};
/* End PBXShellScriptBuildPhase section */

/* Begin PBXSourcesBuildPhase section */
		3EF5411D26BABCA000080D3C /* Sources */ = {
			isa = PBXSourcesBuildPhase;
			buildActionMask = 2147483647;
			files = (
				3E45BD8326BB6BC30054036B /* DetailGame.swift in Sources */,
				3EF5412526BABCA000080D3C /* AppDelegate.swift in Sources */,
				3E372FD226BCA6FF004167AA /* Date+Extension.swift in Sources */,
				3EF5412726BABCA000080D3C /* SceneDelegate.swift in Sources */,
				3EC9AED326BAD987007B36FB /* HomeTableViewCell.swift in Sources */,
				3E372FD026BCA6E1004167AA /* String+Extension.swift in Sources */,
				3EC9AECE26BAD796007B36FB /* Constant.swift in Sources */,
				3E45BD8D26BBF9E30054036B /* DetailGameViewController.swift in Sources */,
				3E65AF7826C2373C00CA67C4 /* SearchViewController.swift in Sources */,
				3E45BD9526BC0BE20054036B /* ProfileViewController.swift in Sources */,
				3EC9AEC826BAD19D007B36FB /* HomeViewController.swift in Sources */,
				3E45BD9326BC07270054036B /* Util.swift in Sources */,
				3EC9AED026BAD81C007B36FB /* ApiManager.swift in Sources */,
				3EC9AECB26BAD484007B36FB /* Game.swift in Sources */,
			);
			runOnlyForDeploymentPostprocessing = 0;
		};
/* End PBXSourcesBuildPhase section */

/* Begin PBXVariantGroup section */
		3EF5412A26BABCA000080D3C /* Main.storyboard */ = {
			isa = PBXVariantGroup;
			children = (
				3EF5412B26BABCA000080D3C /* Base */,
			);
			name = Main.storyboard;
			sourceTree = "<group>";
		};
		3EF5412F26BABCA300080D3C /* LaunchScreen.storyboard */ = {
			isa = PBXVariantGroup;
			children = (
				3EF5413026BABCA300080D3C /* Base */,
			);
			name = LaunchScreen.storyboard;
			sourceTree = "<group>";
		};
/* End PBXVariantGroup section */

/* Begin XCBuildConfiguration section */
		3EF5413326BABCA300080D3C /* Debug */ = {
			isa = XCBuildConfiguration;
			buildSettings = {
				ALWAYS_SEARCH_USER_PATHS = NO;
				CLANG_ANALYZER_NONNULL = YES;
				CLANG_ANALYZER_NUMBER_OBJECT_CONVERSION = YES_AGGRESSIVE;
				CLANG_CXX_LANGUAGE_STANDARD = "gnu++14";
				CLANG_CXX_LIBRARY = "libc++";
				CLANG_ENABLE_MODULES = YES;
				CLANG_ENABLE_OBJC_ARC = YES;
				CLANG_ENABLE_OBJC_WEAK = YES;
				CLANG_WARN_BLOCK_CAPTURE_AUTORELEASING = YES;
				CLANG_WARN_BOOL_CONVERSION = YES;
				CLANG_WARN_COMMA = YES;
				CLANG_WARN_CONSTANT_CONVERSION = YES;
				CLANG_WARN_DEPRECATED_OBJC_IMPLEMENTATIONS = YES;
				CLANG_WARN_DIRECT_OBJC_ISA_USAGE = YES_ERROR;
				CLANG_WARN_DOCUMENTATION_COMMENTS = YES;
				CLANG_WARN_EMPTY_BODY = YES;
				CLANG_WARN_ENUM_CONVERSION = YES;
				CLANG_WARN_INFINITE_RECURSION = YES;
				CLANG_WARN_INT_CONVERSION = YES;
				CLANG_WARN_NON_LITERAL_NULL_CONVERSION = YES;
				CLANG_WARN_OBJC_IMPLICIT_RETAIN_SELF = YES;
				CLANG_WARN_OBJC_LITERAL_CONVERSION = YES;
				CLANG_WARN_OBJC_ROOT_CLASS = YES_ERROR;
				CLANG_WARN_QUOTED_INCLUDE_IN_FRAMEWORK_HEADER = YES;
				CLANG_WARN_RANGE_LOOP_ANALYSIS = YES;
				CLANG_WARN_STRICT_PROTOTYPES = YES;
				CLANG_WARN_SUSPICIOUS_MOVE = YES;
				CLANG_WARN_UNGUARDED_AVAILABILITY = YES_AGGRESSIVE;
				CLANG_WARN_UNREACHABLE_CODE = YES;
				CLANG_WARN__DUPLICATE_METHOD_MATCH = YES;
				COPY_PHASE_STRIP = NO;
				DEBUG_INFORMATION_FORMAT = dwarf;
				ENABLE_STRICT_OBJC_MSGSEND = YES;
				ENABLE_TESTABILITY = YES;
				GCC_C_LANGUAGE_STANDARD = gnu11;
				GCC_DYNAMIC_NO_PIC = NO;
				GCC_NO_COMMON_BLOCKS = YES;
				GCC_OPTIMIZATION_LEVEL = 0;
				GCC_PREPROCESSOR_DEFINITIONS = (
					"DEBUG=1",
					"$(inherited)",
				);
				GCC_WARN_64_TO_32_BIT_CONVERSION = YES;
				GCC_WARN_ABOUT_RETURN_TYPE = YES_ERROR;
				GCC_WARN_UNDECLARED_SELECTOR = YES;
				GCC_WARN_UNINITIALIZED_AUTOS = YES_AGGRESSIVE;
				GCC_WARN_UNUSED_FUNCTION = YES;
				GCC_WARN_UNUSED_VARIABLE = YES;
				IPHONEOS_DEPLOYMENT_TARGET = 14.5;
				MTL_ENABLE_DEBUG_INFO = INCLUDE_SOURCE;
				MTL_FAST_MATH = YES;
				ONLY_ACTIVE_ARCH = YES;
				SDKROOT = iphoneos;
				SWIFT_ACTIVE_COMPILATION_CONDITIONS = DEBUG;
				SWIFT_OPTIMIZATION_LEVEL = "-Onone";
			};
			name = Debug;
		};
		3EF5413426BABCA300080D3C /* Release */ = {
			isa = XCBuildConfiguration;
			buildSettings = {
				ALWAYS_SEARCH_USER_PATHS = NO;
				CLANG_ANALYZER_NONNULL = YES;
				CLANG_ANALYZER_NUMBER_OBJECT_CONVERSION = YES_AGGRESSIVE;
				CLANG_CXX_LANGUAGE_STANDARD = "gnu++14";
				CLANG_CXX_LIBRARY = "libc++";
				CLANG_ENABLE_MODULES = YES;
				CLANG_ENABLE_OBJC_ARC = YES;
				CLANG_ENABLE_OBJC_WEAK = YES;
				CLANG_WARN_BLOCK_CAPTURE_AUTORELEASING = YES;
				CLANG_WARN_BOOL_CONVERSION = YES;
				CLANG_WARN_COMMA = YES;
				CLANG_WARN_CONSTANT_CONVERSION = YES;
				CLANG_WARN_DEPRECATED_OBJC_IMPLEMENTATIONS = YES;
				CLANG_WARN_DIRECT_OBJC_ISA_USAGE = YES_ERROR;
				CLANG_WARN_DOCUMENTATION_COMMENTS = YES;
				CLANG_WARN_EMPTY_BODY = YES;
				CLANG_WARN_ENUM_CONVERSION = YES;
				CLANG_WARN_INFINITE_RECURSION = YES;
				CLANG_WARN_INT_CONVERSION = YES;
				CLANG_WARN_NON_LITERAL_NULL_CONVERSION = YES;
				CLANG_WARN_OBJC_IMPLICIT_RETAIN_SELF = YES;
				CLANG_WARN_OBJC_LITERAL_CONVERSION = YES;
				CLANG_WARN_OBJC_ROOT_CLASS = YES_ERROR;
				CLANG_WARN_QUOTED_INCLUDE_IN_FRAMEWORK_HEADER = YES;
				CLANG_WARN_RANGE_LOOP_ANALYSIS = YES;
				CLANG_WARN_STRICT_PROTOTYPES = YES;
				CLANG_WARN_SUSPICIOUS_MOVE = YES;
				CLANG_WARN_UNGUARDED_AVAILABILITY = YES_AGGRESSIVE;
				CLANG_WARN_UNREACHABLE_CODE = YES;
				CLANG_WARN__DUPLICATE_METHOD_MATCH = YES;
				COPY_PHASE_STRIP = NO;
				DEBUG_INFORMATION_FORMAT = "dwarf-with-dsym";
				ENABLE_NS_ASSERTIONS = NO;
				ENABLE_STRICT_OBJC_MSGSEND = YES;
				GCC_C_LANGUAGE_STANDARD = gnu11;
				GCC_NO_COMMON_BLOCKS = YES;
				GCC_WARN_64_TO_32_BIT_CONVERSION = YES;
				GCC_WARN_ABOUT_RETURN_TYPE = YES_ERROR;
				GCC_WARN_UNDECLARED_SELECTOR = YES;
				GCC_WARN_UNINITIALIZED_AUTOS = YES_AGGRESSIVE;
				GCC_WARN_UNUSED_FUNCTION = YES;
				GCC_WARN_UNUSED_VARIABLE = YES;
				IPHONEOS_DEPLOYMENT_TARGET = 14.5;
				MTL_ENABLE_DEBUG_INFO = NO;
				MTL_FAST_MATH = YES;
				SDKROOT = iphoneos;
				SWIFT_COMPILATION_MODE = wholemodule;
				SWIFT_OPTIMIZATION_LEVEL = "-O";
				VALIDATE_PRODUCT = YES;
			};
			name = Release;
		};
		3EF5413626BABCA300080D3C /* Debug */ = {
			isa = XCBuildConfiguration;
			baseConfigurationReference = 98B75A15455531DE19D3AADB /* Pods-GameApp.debug.xcconfig */;
			buildSettings = {
				ASSETCATALOG_COMPILER_APPICON_NAME = AppIcon;
				ASSETCATALOG_COMPILER_GLOBAL_ACCENT_COLOR_NAME = AccentColor;
				CODE_SIGN_STYLE = Automatic;
				DEVELOPMENT_TEAM = 94XJVN3C32;
				INFOPLIST_FILE = GameApp/SupportingFiles/Info.plist;
				LD_RUNPATH_SEARCH_PATHS = (
					"$(inherited)",
					"@executable_path/Frameworks",
				);
				PRODUCT_BUNDLE_IDENTIFIER = com.wahidhidayat.GameApp;
				PRODUCT_NAME = "$(TARGET_NAME)";
				SWIFT_VERSION = 5.0;
				TARGETED_DEVICE_FAMILY = "1,2";
			};
			name = Debug;
		};
		3EF5413726BABCA300080D3C /* Release */ = {
			isa = XCBuildConfiguration;
			baseConfigurationReference = E7F323ADE573851198495369 /* Pods-GameApp.release.xcconfig */;
			buildSettings = {
				ASSETCATALOG_COMPILER_APPICON_NAME = AppIcon;
				ASSETCATALOG_COMPILER_GLOBAL_ACCENT_COLOR_NAME = AccentColor;
				CODE_SIGN_STYLE = Automatic;
				DEVELOPMENT_TEAM = 94XJVN3C32;
				INFOPLIST_FILE = GameApp/SupportingFiles/Info.plist;
				LD_RUNPATH_SEARCH_PATHS = (
					"$(inherited)",
					"@executable_path/Frameworks",
				);
				PRODUCT_BUNDLE_IDENTIFIER = com.wahidhidayat.GameApp;
				PRODUCT_NAME = "$(TARGET_NAME)";
				SWIFT_VERSION = 5.0;
				TARGETED_DEVICE_FAMILY = "1,2";
			};
			name = Release;
		};
/* End XCBuildConfiguration section */

/* Begin XCConfigurationList section */
		3EF5411C26BABCA000080D3C /* Build configuration list for PBXProject "GameApp" */ = {
			isa = XCConfigurationList;
			buildConfigurations = (
				3EF5413326BABCA300080D3C /* Debug */,
				3EF5413426BABCA300080D3C /* Release */,
			);
			defaultConfigurationIsVisible = 0;
			defaultConfigurationName = Release;
		};
		3EF5413526BABCA300080D3C /* Build configuration list for PBXNativeTarget "GameApp" */ = {
			isa = XCConfigurationList;
			buildConfigurations = (
				3EF5413626BABCA300080D3C /* Debug */,
				3EF5413726BABCA300080D3C /* Release */,
			);
			defaultConfigurationIsVisible = 0;
			defaultConfigurationName = Release;
		};
/* End XCConfigurationList section */
	};
	rootObject = 3EF5411926BABCA000080D3C /* Project object */;
}
